
Microsoft Visual Studio Solution File, Format Version 12.00
# Visual Studio Version 16
VisualStudioVersion = 16.0.30309.148
MinimumVisualStudioVersion = 10.0.40219.1
Project("{FAE04EC0-301F-11D3-BF4B-00C04F79EFBC}") = "HP_HelpText", "HP_HelpText\HP_HelpText.csproj", "{677A772A-FA78-4CF8-9622-A8ADC1478BD9}"
EndProject
Global
	GlobalSection(SolutionConfigurationPlatforms) = preSolution
		Debug|Any CPU = Debug|Any CPU
		Release|Any CPU = Release|Any CPU
	EndGlobalSection
	GlobalSection(ProjectConfigurationPlatforms) = postSolution
		{677A772A-FA78-4CF8-9622-A8ADC1478BD9}.Debug|Any CPU.ActiveCfg = Debug|Any CPU
		{677A772A-FA78-4CF8-9622-A8ADC1478BD9}.Debug|Any CPU.Build.0 = Debug|Any CPU
		{677A772A-FA78-4CF8-9622-A8ADC1478BD9}.Release|Any CPU.ActiveCfg = Release|Any CPU
		{677A772A-FA78-4CF8-9622-A8ADC1478BD9}.Release|Any CPU.Build.0 = Release|Any CPU
	EndGlobalSection
	GlobalSection(SolutionProperties) = preSolution
		HideSolutionNode = FALSE
	EndGlobalSection
	GlobalSection(ExtensibilityGlobals) = postSolution
		SolutionGuid = {0E516847-EF70-455A-AD74-654E929DB1C6}
	EndGlobalSection
EndGlobal
